
Microsoft Visual Studio Solution File, Format Version 12.00
# Visual Studio 15
VisualStudioVersion = 15.0.28307.489
MinimumVisualStudioVersion = 10.0.40219.1
Project("{FAE04EC0-301F-11D3-BF4B-00C04F79EFBC}") = "Entidades", "Entidades\Entidades.csproj", "{2D029A00-F06C-465C-A175-73D0E50A4F4F}"
EndProject
Project("{FAE04EC0-301F-11D3-BF4B-00C04F79EFBC}") = "MainCorreo", "MainCorreo\MainCorreo.csproj", "{CB3915FD-05CE-44BA-A627-E496C7E1D858}"
EndProject
Project("{FAE04EC0-301F-11D3-BF4B-00C04F79EFBC}") = "TestUnitario", "TestUnitario\TestUnitario.csproj", "{65826AE0-D508-4448-A481-A02E656477F6}"
EndProject
Global
	GlobalSection(SolutionConfigurationPlatforms) = preSolution
		Debug|Any CPU = Debug|Any CPU
		Release|Any CPU = Release|Any CPU
	EndGlobalSection
	GlobalSection(ProjectConfigurationPlatforms) = postSolution
		{2D029A00-F06C-465C-A175-73D0E50A4F4F}.Debug|Any CPU.ActiveCfg = Debug|Any CPU
		{2D029A00-F06C-465C-A175-73D0E50A4F4F}.Debug|Any CPU.Build.0 = Debug|Any CPU
		{2D029A00-F06C-465C-A175-73D0E50A4F4F}.Release|Any CPU.ActiveCfg = Release|Any CPU
		{2D029A00-F06C-465C-A175-73D0E50A4F4F}.Release|Any CPU.Build.0 = Release|Any CPU
		{CB3915FD-05CE-44BA-A627-E496C7E1D858}.Debug|Any CPU.ActiveCfg = Debug|Any CPU
		{CB3915FD-05CE-44BA-A627-E496C7E1D858}.Debug|Any CPU.Build.0 = Debug|Any CPU
		{CB3915FD-05CE-44BA-A627-E496C7E1D858}.Release|Any CPU.ActiveCfg = Release|Any CPU
		{CB3915FD-05CE-44BA-A627-E496C7E1D858}.Release|Any CPU.Build.0 = Release|Any CPU
		{65826AE0-D508-4448-A481-A02E656477F6}.Debug|Any CPU.ActiveCfg = Debug|Any CPU
		{65826AE0-D508-4448-A481-A02E656477F6}.Debug|Any CPU.Build.0 = Debug|Any CPU
		{65826AE0-D508-4448-A481-A02E656477F6}.Release|Any CPU.ActiveCfg = Release|Any CPU
		{65826AE0-D508-4448-A481-A02E656477F6}.Release|Any CPU.Build.0 = Release|Any CPU
	EndGlobalSection
	GlobalSection(SolutionProperties) = preSolution
		HideSolutionNode = FALSE
	EndGlobalSection
	GlobalSection(ExtensibilityGlobals) = postSolution
		SolutionGuid = {784CB68C-09D1-4EC8-A615-B4081FF48B51}
	EndGlobalSection
EndGlobal
